// !$*UTF8*$!
{
	archiveVersion = 1;
	classes = {
	};
	objectVersion = 56;
	objects = {

/* Begin PBXBuildFile section */
		6A7D08B629AC705A00DE7435 /* AppDelegate.swift in Sources */ = {isa = PBXBuildFile; fileRef = 6A7D08B529AC705A00DE7435 /* AppDelegate.swift */; };
		6A7D08B829AC705A00DE7435 /* SceneDelegate.swift in Sources */ = {isa = PBXBuildFile; fileRef = 6A7D08B729AC705A00DE7435 /* SceneDelegate.swift */; };
		6A7D08BA29AC705A00DE7435 /* ViewController.swift in Sources */ = {isa = PBXBuildFile; fileRef = 6A7D08B929AC705A00DE7435 /* ViewController.swift */; };
		6A7D08BD29AC705A00DE7435 /* Main.storyboard in Resources */ = {isa = PBXBuildFile; fileRef = 6A7D08BB29AC705A00DE7435 /* Main.storyboard */; };
		6A7D08BF29AC705B00DE7435 /* Assets.xcassets in Resources */ = {isa = PBXBuildFile; fileRef = 6A7D08BE29AC705B00DE7435 /* Assets.xcassets */; };
		6A7D08C229AC705B00DE7435 /* LaunchScreen.storyboard in Resources */ = {isa = PBXBuildFile; fileRef = 6A7D08C029AC705B00DE7435 /* LaunchScreen.storyboard */; };
		6A7D08CD29AC705B00DE7435 /* PassingDataBetweenVCsTests.swift in Sources */ = {isa = PBXBuildFile; fileRef = 6A7D08CC29AC705B00DE7435 /* PassingDataBetweenVCsTests.swift */; };
		6A7D08D729AC705B00DE7435 /* PassingDataBetweenVCsUITests.swift in Sources */ = {isa = PBXBuildFile; fileRef = 6A7D08D629AC705B00DE7435 /* PassingDataBetweenVCsUITests.swift */; };
		6A7D08D929AC705B00DE7435 /* PassingDataBetweenVCsUITestsLaunchTests.swift in Sources */ = {isa = PBXBuildFile; fileRef = 6A7D08D829AC705B00DE7435 /* PassingDataBetweenVCsUITestsLaunchTests.swift */; };
		6A7D08E629AC79E600DE7435 /* ShowNameViewController.swift in Sources */ = {isa = PBXBuildFile; fileRef = 6A7D08E529AC79E600DE7435 /* ShowNameViewController.swift */; };
		6A7D08E929AC7E6300DE7435 /* JuiceDelegate.swift in Sources */ = {isa = PBXBuildFile; fileRef = 6A7D08E829AC7E6300DE7435 /* JuiceDelegate.swift */; };
		6A7D08EB29AC7E9A00DE7435 /* JuiceViewController.swift in Sources */ = {isa = PBXBuildFile; fileRef = 6A7D08EA29AC7E9A00DE7435 /* JuiceViewController.swift */; };
		6A7D08ED29AC7FAB00DE7435 /* RestaurantViewController.swift in Sources */ = {isa = PBXBuildFile; fileRef = 6A7D08EC29AC7FAB00DE7435 /* RestaurantViewController.swift */; };
		6A7D08F329AC871100DE7435 /* Settings.swift in Sources */ = {isa = PBXBuildFile; fileRef = 6A7D08F229AC871100DE7435 /* Settings.swift */; };
		6A7D08F729AC8D1500DE7435 /* NotificationMainViewController.swift in Sources */ = {isa = PBXBuildFile; fileRef = 6A7D08F629AC8D1500DE7435 /* NotificationMainViewController.swift */; };
		6A7D08F929AC8DCF00DE7435 /* NotificationSecondViewController.swift in Sources */ = {isa = PBXBuildFile; fileRef = 6A7D08F829AC8DCF00DE7435 /* NotificationSecondViewController.swift */; };
/* End PBXBuildFile section */

/* Begin PBXContainerItemProxy section */
		6A7D08C929AC705B00DE7435 /* PBXContainerItemProxy */ = {
			isa = PBXContainerItemProxy;
			containerPortal = 6A7D08AA29AC705A00DE7435 /* Project object */;
			proxyType = 1;
			remoteGlobalIDString = 6A7D08B129AC705A00DE7435;
			remoteInfo = PassingDataBetweenVCs;
		};
		6A7D08D329AC705B00DE7435 /* PBXContainerItemProxy */ = {
			isa = PBXContainerItemProxy;
			containerPortal = 6A7D08AA29AC705A00DE7435 /* Project object */;
			proxyType = 1;
			remoteGlobalIDString = 6A7D08B129AC705A00DE7435;
			remoteInfo = PassingDataBetweenVCs;
		};
/* End PBXContainerItemProxy section */

/* Begin PBXFileReference section */
		6A7D08B229AC705A00DE7435 /* PassingDataBetweenVCs.app */ = {isa = PBXFileReference; explicitFileType = wrapper.application; includeInIndex = 0; path = PassingDataBetweenVCs.app; sourceTree = BUILT_PRODUCTS_DIR; };
		6A7D08B529AC705A00DE7435 /* AppDelegate.swift */ = {isa = PBXFileReference; lastKnownFileType = sourcecode.swift; path = AppDelegate.swift; sourceTree = "<group>"; };
		6A7D08B729AC705A00DE7435 /* SceneDelegate.swift */ = {isa = PBXFileReference; lastKnownFileType = sourcecode.swift; path = SceneDelegate.swift; sourceTree = "<group>"; };
		6A7D08B929AC705A00DE7435 /* ViewController.swift */ = {isa = PBXFileReference; lastKnownFileType = sourcecode.swift; path = ViewController.swift; sourceTree = "<group>"; };
		6A7D08BC29AC705A00DE7435 /* Base */ = {isa = PBXFileReference; lastKnownFileType = file.storyboard; name = Base; path = Base.lproj/Main.storyboard; sourceTree = "<group>"; };
		6A7D08BE29AC705B00DE7435 /* Assets.xcassets */ = {isa = PBXFileReference; lastKnownFileType = folder.assetcatalog; path = Assets.xcassets; sourceTree = "<group>"; };
		6A7D08C129AC705B00DE7435 /* Base */ = {isa = PBXFileReference; lastKnownFileType = file.storyboard; name = Base; path = Base.lproj/LaunchScreen.storyboard; sourceTree = "<group>"; };
		6A7D08C329AC705B00DE7435 /* Info.plist */ = {isa = PBXFileReference; lastKnownFileType = text.plist.xml; path = Info.plist; sourceTree = "<group>"; };
		6A7D08C829AC705B00DE7435 /* PassingDataBetweenVCsTests.xctest */ = {isa = PBXFileReference; explicitFileType = wrapper.cfbundle; includeInIndex = 0; path = PassingDataBetweenVCsTests.xctest; sourceTree = BUILT_PRODUCTS_DIR; };
		6A7D08CC29AC705B00DE7435 /* PassingDataBetweenVCsTests.swift */ = {isa = PBXFileReference; lastKnownFileType = sourcecode.swift; path = PassingDataBetweenVCsTests.swift; sourceTree = "<group>"; };
		6A7D08D229AC705B00DE7435 /* PassingDataBetweenVCsUITests.xctest */ = {isa = PBXFileReference; explicitFileType = wrapper.cfbundle; includeInIndex = 0; path = PassingDataBetweenVCsUITests.xctest; sourceTree = BUILT_PRODUCTS_DIR; };
		6A7D08D629AC705B00DE7435 /* PassingDataBetweenVCsUITests.swift */ = {isa = PBXFileReference; lastKnownFileType = sourcecode.swift; path = PassingDataBetweenVCsUITests.swift; sourceTree = "<group>"; };
		6A7D08D829AC705B00DE7435 /* PassingDataBetweenVCsUITestsLaunchTests.swift */ = {isa = PBXFileReference; lastKnownFileType = sourcecode.swift; path = PassingDataBetweenVCsUITestsLaunchTests.swift; sourceTree = "<group>"; };
		6A7D08E529AC79E600DE7435 /* ShowNameViewController.swift */ = {isa = PBXFileReference; lastKnownFileType = sourcecode.swift; path = ShowNameViewController.swift; sourceTree = "<group>"; };
		6A7D08E829AC7E6300DE7435 /* JuiceDelegate.swift */ = {isa = PBXFileReference; lastKnownFileType = sourcecode.swift; path = JuiceDelegate.swift; sourceTree = "<group>"; };
		6A7D08EA29AC7E9A00DE7435 /* JuiceViewController.swift */ = {isa = PBXFileReference; lastKnownFileType = sourcecode.swift; path = JuiceViewController.swift; sourceTree = "<group>"; };
		6A7D08EC29AC7FAB00DE7435 /* RestaurantViewController.swift */ = {isa = PBXFileReference; lastKnownFileType = sourcecode.swift; path = RestaurantViewController.swift; sourceTree = "<group>"; };
		6A7D08F229AC871100DE7435 /* Settings.swift */ = {isa = PBXFileReference; lastKnownFileType = sourcecode.swift; path = Settings.swift; sourceTree = "<group>"; };
		6A7D08F629AC8D1500DE7435 /* NotificationMainViewController.swift */ = {isa = PBXFileReference; lastKnownFileType = sourcecode.swift; path = NotificationMainViewController.swift; sourceTree = "<group>"; };
		6A7D08F829AC8DCF00DE7435 /* NotificationSecondViewController.swift */ = {isa = PBXFileReference; lastKnownFileType = sourcecode.swift; path = NotificationSecondViewController.swift; sourceTree = "<group>"; };
/* End PBXFileReference section */

/* Begin PBXFrameworksBuildPhase section */
		6A7D08AF29AC705A00DE7435 /* Frameworks */ = {
			isa = PBXFrameworksBuildPhase;
			buildActionMask = 2147483647;
			files = (
			);
			runOnlyForDeploymentPostprocessing = 0;
		};
		6A7D08C529AC705B00DE7435 /* Frameworks */ = {
			isa = PBXFrameworksBuildPhase;
			buildActionMask = 2147483647;
			files = (
			);
			runOnlyForDeploymentPostprocessing = 0;
		};
		6A7D08CF29AC705B00DE7435 /* Frameworks */ = {
			isa = PBXFrameworksBuildPhase;
			buildActionMask = 2147483647;
			files = (
			);
			runOnlyForDeploymentPostprocessing = 0;
		};
/* End PBXFrameworksBuildPhase section */

/* Begin PBXGroup section */
		6A7D08A929AC705A00DE7435 = {
			isa = PBXGroup;
			children = (
				6A7D08B429AC705A00DE7435 /* PassingDataBetweenVCs */,
				6A7D08CB29AC705B00DE7435 /* PassingDataBetweenVCsTests */,
				6A7D08D529AC705B00DE7435 /* PassingDataBetweenVCsUITests */,
				6A7D08B329AC705A00DE7435 /* Products */,
			);
			sourceTree = "<group>";
		};
		6A7D08B329AC705A00DE7435 /* Products */ = {
			isa = PBXGroup;
			children = (
				6A7D08B229AC705A00DE7435 /* PassingDataBetweenVCs.app */,
				6A7D08C829AC705B00DE7435 /* PassingDataBetweenVCsTests.xctest */,
				6A7D08D229AC705B00DE7435 /* PassingDataBetweenVCsUITests.xctest */,
			);
			name = Products;
			sourceTree = "<group>";
		};
		6A7D08B429AC705A00DE7435 /* PassingDataBetweenVCs */ = {
			isa = PBXGroup;
			children = (
				6A7D08F529AC8C8400DE7435 /* NotificationCenter */,
				6A7D08F429AC8C7700DE7435 /* Closures */,
				6A7D08F029AC868F00DE7435 /* SingletonDesignPattern */,
				6A7D08EF29AC867A00DE7435 /* Segues */,
				6A7D08EE29AC866300DE7435 /* DelegateDesignPattern */,
				6A7D08B529AC705A00DE7435 /* AppDelegate.swift */,
				6A7D08B729AC705A00DE7435 /* SceneDelegate.swift */,
				6A7D08BB29AC705A00DE7435 /* Main.storyboard */,
				6A7D08BE29AC705B00DE7435 /* Assets.xcassets */,
				6A7D08C029AC705B00DE7435 /* LaunchScreen.storyboard */,
				6A7D08C329AC705B00DE7435 /* Info.plist */,
			);
			path = PassingDataBetweenVCs;
			sourceTree = "<group>";
		};
		6A7D08CB29AC705B00DE7435 /* PassingDataBetweenVCsTests */ = {
			isa = PBXGroup;
			children = (
				6A7D08CC29AC705B00DE7435 /* PassingDataBetweenVCsTests.swift */,
			);
			path = PassingDataBetweenVCsTests;
			sourceTree = "<group>";
		};
		6A7D08D529AC705B00DE7435 /* PassingDataBetweenVCsUITests */ = {
			isa = PBXGroup;
			children = (
				6A7D08D629AC705B00DE7435 /* PassingDataBetweenVCsUITests.swift */,
				6A7D08D829AC705B00DE7435 /* PassingDataBetweenVCsUITestsLaunchTests.swift */,
			);
			path = PassingDataBetweenVCsUITests;
			sourceTree = "<group>";
		};
		6A7D08E729AC7E4F00DE7435 /* Protocols */ = {
			isa = PBXGroup;
			children = (
				6A7D08E829AC7E6300DE7435 /* JuiceDelegate.swift */,
			);
			path = Protocols;
			sourceTree = "<group>";
		};
		6A7D08EE29AC866300DE7435 /* DelegateDesignPattern */ = {
			isa = PBXGroup;
			children = (
				6A7D08EC29AC7FAB00DE7435 /* RestaurantViewController.swift */,
				6A7D08EA29AC7E9A00DE7435 /* JuiceViewController.swift */,
				6A7D08E729AC7E4F00DE7435 /* Protocols */,
			);
			path = DelegateDesignPattern;
			sourceTree = "<group>";
		};
		6A7D08EF29AC867A00DE7435 /* Segues */ = {
			isa = PBXGroup;
			children = (
				6A7D08E529AC79E600DE7435 /* ShowNameViewController.swift */,
				6A7D08B929AC705A00DE7435 /* ViewController.swift */,
			);
			path = Segues;
			sourceTree = "<group>";
		};
		6A7D08F029AC868F00DE7435 /* SingletonDesignPattern */ = {
			isa = PBXGroup;
			children = (
				6A7D08F129AC86DB00DE7435 /* SingletonClass */,
			);
			path = SingletonDesignPattern;
			sourceTree = "<group>";
		};
		6A7D08F129AC86DB00DE7435 /* SingletonClass */ = {
			isa = PBXGroup;
			children = (
				6A7D08F229AC871100DE7435 /* Settings.swift */,
			);
			path = SingletonClass;
			sourceTree = "<group>";
		};
		6A7D08F429AC8C7700DE7435 /* Closures */ = {
			isa = PBXGroup;
			children = (
			);
			path = Closures;
			sourceTree = "<group>";
		};
		6A7D08F529AC8C8400DE7435 /* NotificationCenter */ = {
			isa = PBXGroup;
			children = (
				6A7D08F629AC8D1500DE7435 /* NotificationMainViewController.swift */,
				6A7D08F829AC8DCF00DE7435 /* NotificationSecondViewController.swift */,
			);
			path = NotificationCenter;
			sourceTree = "<group>";
		};
/* End PBXGroup section */

/* Begin PBXNativeTarget section */
		6A7D08B129AC705A00DE7435 /* PassingDataBetweenVCs */ = {
			isa = PBXNativeTarget;
			buildConfigurationList = 6A7D08DC29AC705B00DE7435 /* Build configuration list for PBXNativeTarget "PassingDataBetweenVCs" */;
			buildPhases = (
				6A7D08AE29AC705A00DE7435 /* Sources */,
				6A7D08AF29AC705A00DE7435 /* Frameworks */,
				6A7D08B029AC705A00DE7435 /* Resources */,
			);
			buildRules = (
			);
			dependencies = (
			);
			name = PassingDataBetweenVCs;
			productName = PassingDataBetweenVCs;
			productReference = 6A7D08B229AC705A00DE7435 /* PassingDataBetweenVCs.app */;
			productType = "com.apple.product-type.application";
		};
		6A7D08C729AC705B00DE7435 /* PassingDataBetweenVCsTests */ = {
			isa = PBXNativeTarget;
			buildConfigurationList = 6A7D08DF29AC705B00DE7435 /* Build configuration list for PBXNativeTarget "PassingDataBetweenVCsTests" */;
			buildPhases = (
				6A7D08C429AC705B00DE7435 /* Sources */,
				6A7D08C529AC705B00DE7435 /* Frameworks */,
				6A7D08C629AC705B00DE7435 /* Resources */,
			);
			buildRules = (
			);
			dependencies = (
				6A7D08CA29AC705B00DE7435 /* PBXTargetDependency */,
			);
			name = PassingDataBetweenVCsTests;
			productName = PassingDataBetweenVCsTests;
			productReference = 6A7D08C829AC705B00DE7435 /* PassingDataBetweenVCsTests.xctest */;
			productType = "com.apple.product-type.bundle.unit-test";
		};
		6A7D08D129AC705B00DE7435 /* PassingDataBetweenVCsUITests */ = {
			isa = PBXNativeTarget;
			buildConfigurationList = 6A7D08E229AC705B00DE7435 /* Build configuration list for PBXNativeTarget "PassingDataBetweenVCsUITests" */;
			buildPhases = (
				6A7D08CE29AC705B00DE7435 /* Sources */,
				6A7D08CF29AC705B00DE7435 /* Frameworks */,
				6A7D08D029AC705B00DE7435 /* Resources */,
			);
			buildRules = (
			);
			dependencies = (
				6A7D08D429AC705B00DE7435 /* PBXTargetDependency */,
			);
			name = PassingDataBetweenVCsUITests;
			productName = PassingDataBetweenVCsUITests;
			productReference = 6A7D08D229AC705B00DE7435 /* PassingDataBetweenVCsUITests.xctest */;
			productType = "com.apple.product-type.bundle.ui-testing";
		};
/* End PBXNativeTarget section */

/* Begin PBXProject section */
		6A7D08AA29AC705A00DE7435 /* Project object */ = {
			isa = PBXProject;
			attributes = {
				BuildIndependentTargetsInParallel = 1;
				LastSwiftUpdateCheck = 1420;
				LastUpgradeCheck = 1420;
				TargetAttributes = {
					6A7D08B129AC705A00DE7435 = {
						CreatedOnToolsVersion = 14.2;
					};
					6A7D08C729AC705B00DE7435 = {
						CreatedOnToolsVersion = 14.2;
						TestTargetID = 6A7D08B129AC705A00DE7435;
					};
					6A7D08D129AC705B00DE7435 = {
						CreatedOnToolsVersion = 14.2;
						TestTargetID = 6A7D08B129AC705A00DE7435;
					};
				};
			};
			buildConfigurationList = 6A7D08AD29AC705A00DE7435 /* Build configuration list for PBXProject "PassingDataBetweenVCs" */;
			compatibilityVersion = "Xcode 14.0";
			developmentRegion = en;
			hasScannedForEncodings = 0;
			knownRegions = (
				en,
				Base,
			);
			mainGroup = 6A7D08A929AC705A00DE7435;
			productRefGroup = 6A7D08B329AC705A00DE7435 /* Products */;
			projectDirPath = "";
			projectRoot = "";
			targets = (
				6A7D08B129AC705A00DE7435 /* PassingDataBetweenVCs */,
				6A7D08C729AC705B00DE7435 /* PassingDataBetweenVCsTests */,
				6A7D08D129AC705B00DE7435 /* PassingDataBetweenVCsUITests */,
			);
		};
/* End PBXProject section */

/* Begin PBXResourcesBuildPhase section */
		6A7D08B029AC705A00DE7435 /* Resources */ = {
			isa = PBXResourcesBuildPhase;
			buildActionMask = 2147483647;
			files = (
				6A7D08C229AC705B00DE7435 /* LaunchScreen.storyboard in Resources */,
				6A7D08BF29AC705B00DE7435 /* Assets.xcassets in Resources */,
				6A7D08BD29AC705A00DE7435 /* Main.storyboard in Resources */,
			);
			runOnlyForDeploymentPostprocessing = 0;
		};
		6A7D08C629AC705B00DE7435 /* Resources */ = {
			isa = PBXResourcesBuildPhase;
			buildActionMask = 2147483647;
			files = (
			);
			runOnlyForDeploymentPostprocessing = 0;
		};
		6A7D08D029AC705B00DE7435 /* Resources */ = {
			isa = PBXResourcesBuildPhase;
			buildActionMask = 2147483647;
			files = (
			);
			runOnlyForDeploymentPostprocessing = 0;
		};
/* End PBXResourcesBuildPhase section */

/* Begin PBXSourcesBuildPhase section */
		6A7D08AE29AC705A00DE7435 /* Sources */ = {
			isa = PBXSourcesBuildPhase;
			buildActionMask = 2147483647;
			files = (
				6A7D08E629AC79E600DE7435 /* ShowNameViewController.swift in Sources */,
				6A7D08BA29AC705A00DE7435 /* ViewController.swift in Sources */,
				6A7D08F329AC871100DE7435 /* Settings.swift in Sources */,
				6A7D08F729AC8D1500DE7435 /* NotificationMainViewController.swift in Sources */,
				6A7D08ED29AC7FAB00DE7435 /* RestaurantViewController.swift in Sources */,
				6A7D08F929AC8DCF00DE7435 /* NotificationSecondViewController.swift in Sources */,
				6A7D08B629AC705A00DE7435 /* AppDelegate.swift in Sources */,
				6A7D08EB29AC7E9A00DE7435 /* JuiceViewController.swift in Sources */,
				6A7D08B829AC705A00DE7435 /* SceneDelegate.swift in Sources */,
				6A7D08E929AC7E6300DE7435 /* JuiceDelegate.swift in Sources */,
			);
			runOnlyForDeploymentPostprocessing = 0;
		};
		6A7D08C429AC705B00DE7435 /* Sources */ = {
			isa = PBXSourcesBuildPhase;
			buildActionMask = 2147483647;
			files = (
				6A7D08CD29AC705B00DE7435 /* PassingDataBetweenVCsTests.swift in Sources */,
			);
			runOnlyForDeploymentPostprocessing = 0;
		};
		6A7D08CE29AC705B00DE7435 /* Sources */ = {
			isa = PBXSourcesBuildPhase;
			buildActionMask = 2147483647;
			files = (
				6A7D08D929AC705B00DE7435 /* PassingDataBetweenVCsUITestsLaunchTests.swift in Sources */,
				6A7D08D729AC705B00DE7435 /* PassingDataBetweenVCsUITests.swift in Sources */,
			);
			runOnlyForDeploymentPostprocessing = 0;
		};
/* End PBXSourcesBuildPhase section */

/* Begin PBXTargetDependency section */
		6A7D08CA29AC705B00DE7435 /* PBXTargetDependency */ = {
			isa = PBXTargetDependency;
			target = 6A7D08B129AC705A00DE7435 /* PassingDataBetweenVCs */;
			targetProxy = 6A7D08C929AC705B00DE7435 /* PBXContainerItemProxy */;
		};
		6A7D08D429AC705B00DE7435 /* PBXTargetDependency */ = {
			isa = PBXTargetDependency;
			target = 6A7D08B129AC705A00DE7435 /* PassingDataBetweenVCs */;
			targetProxy = 6A7D08D329AC705B00DE7435 /* PBXContainerItemProxy */;
		};
/* End PBXTargetDependency section */

/* Begin PBXVariantGroup section */
		6A7D08BB29AC705A00DE7435 /* Main.storyboard */ = {
			isa = PBXVariantGroup;
			children = (
				6A7D08BC29AC705A00DE7435 /* Base */,
			);
			name = Main.storyboard;
			sourceTree = "<group>";
		};
		6A7D08C029AC705B00DE7435 /* LaunchScreen.storyboard */ = {
			isa = PBXVariantGroup;
			children = (
				6A7D08C129AC705B00DE7435 /* Base */,
			);
			name = LaunchScreen.storyboard;
			sourceTree = "<group>";
		};
/* End PBXVariantGroup section */

/* Begin XCBuildConfiguration section */
		6A7D08DA29AC705B00DE7435 /* Debug */ = {
			isa = XCBuildConfiguration;
			buildSettings = {
				ALWAYS_SEARCH_USER_PATHS = NO;
				CLANG_ANALYZER_NONNULL = YES;
				CLANG_ANALYZER_NUMBER_OBJECT_CONVERSION = YES_AGGRESSIVE;
				CLANG_CXX_LANGUAGE_STANDARD = "gnu++20";
				CLANG_ENABLE_MODULES = YES;
				CLANG_ENABLE_OBJC_ARC = YES;
				CLANG_ENABLE_OBJC_WEAK = YES;
				CLANG_WARN_BLOCK_CAPTURE_AUTORELEASING = YES;
				CLANG_WARN_BOOL_CONVERSION = YES;
				CLANG_WARN_COMMA = YES;
				CLANG_WARN_CONSTANT_CONVERSION = YES;
				CLANG_WARN_DEPRECATED_OBJC_IMPLEMENTATIONS = YES;
				CLANG_WARN_DIRECT_OBJC_ISA_USAGE = YES_ERROR;
				CLANG_WARN_DOCUMENTATION_COMMENTS = YES;
				CLANG_WARN_EMPTY_BODY = YES;
				CLANG_WARN_ENUM_CONVERSION = YES;
				CLANG_WARN_INFINITE_RECURSION = YES;
				CLANG_WARN_INT_CONVERSION = YES;
				CLANG_WARN_NON_LITERAL_NULL_CONVERSION = YES;
				CLANG_WARN_OBJC_IMPLICIT_RETAIN_SELF = YES;
				CLANG_WARN_OBJC_LITERAL_CONVERSION = YES;
				CLANG_WARN_OBJC_ROOT_CLASS = YES_ERROR;
				CLANG_WARN_QUOTED_INCLUDE_IN_FRAMEWORK_HEADER = YES;
				CLANG_WARN_RANGE_LOOP_ANALYSIS = YES;
				CLANG_WARN_STRICT_PROTOTYPES = YES;
				CLANG_WARN_SUSPICIOUS_MOVE = YES;
				CLANG_WARN_UNGUARDED_AVAILABILITY = YES_AGGRESSIVE;
				CLANG_WARN_UNREACHABLE_CODE = YES;
				CLANG_WARN__DUPLICATE_METHOD_MATCH = YES;
				COPY_PHASE_STRIP = NO;
				DEBUG_INFORMATION_FORMAT = dwarf;
				ENABLE_STRICT_OBJC_MSGSEND = YES;
				ENABLE_TESTABILITY = YES;
				GCC_C_LANGUAGE_STANDARD = gnu11;
				GCC_DYNAMIC_NO_PIC = NO;
				GCC_NO_COMMON_BLOCKS = YES;
				GCC_OPTIMIZATION_LEVEL = 0;
				GCC_PREPROCESSOR_DEFINITIONS = (
					"DEBUG=1",
					"$(inherited)",
				);
				GCC_WARN_64_TO_32_BIT_CONVERSION = YES;
				GCC_WARN_ABOUT_RETURN_TYPE = YES_ERROR;
				GCC_WARN_UNDECLARED_SELECTOR = YES;
				GCC_WARN_UNINITIALIZED_AUTOS = YES_AGGRESSIVE;
				GCC_WARN_UNUSED_FUNCTION = YES;
				GCC_WARN_UNUSED_VARIABLE = YES;
				IPHONEOS_DEPLOYMENT_TARGET = 16.2;
				MTL_ENABLE_DEBUG_INFO = INCLUDE_SOURCE;
				MTL_FAST_MATH = YES;
				ONLY_ACTIVE_ARCH = YES;
				SDKROOT = iphoneos;
				SWIFT_ACTIVE_COMPILATION_CONDITIONS = DEBUG;
				SWIFT_OPTIMIZATION_LEVEL = "-Onone";
			};
			name = Debug;
		};
		6A7D08DB29AC705B00DE7435 /* Release */ = {
			isa = XCBuildConfiguration;
			buildSettings = {
				ALWAYS_SEARCH_USER_PATHS = NO;
				CLANG_ANALYZER_NONNULL = YES;
				CLANG_ANALYZER_NUMBER_OBJECT_CONVERSION = YES_AGGRESSIVE;
				CLANG_CXX_LANGUAGE_STANDARD = "gnu++20";
				CLANG_ENABLE_MODULES = YES;
				CLANG_ENABLE_OBJC_ARC = YES;
				CLANG_ENABLE_OBJC_WEAK = YES;
				CLANG_WARN_BLOCK_CAPTURE_AUTORELEASING = YES;
				CLANG_WARN_BOOL_CONVERSION = YES;
				CLANG_WARN_COMMA = YES;
				CLANG_WARN_CONSTANT_CONVERSION = YES;
				CLANG_WARN_DEPRECATED_OBJC_IMPLEMENTATIONS = YES;
				CLANG_WARN_DIRECT_OBJC_ISA_USAGE = YES_ERROR;
				CLANG_WARN_DOCUMENTATION_COMMENTS = YES;
				CLANG_WARN_EMPTY_BODY = YES;
				CLANG_WARN_ENUM_CONVERSION = YES;
				CLANG_WARN_INFINITE_RECURSION = YES;
				CLANG_WARN_INT_CONVERSION = YES;
				CLANG_WARN_NON_LITERAL_NULL_CONVERSION = YES;
				CLANG_WARN_OBJC_IMPLICIT_RETAIN_SELF = YES;
				CLANG_WARN_OBJC_LITERAL_CONVERSION = YES;
				CLANG_WARN_OBJC_ROOT_CLASS = YES_ERROR;
				CLANG_WARN_QUOTED_INCLUDE_IN_FRAMEWORK_HEADER = YES;
				CLANG_WARN_RANGE_LOOP_ANALYSIS = YES;
				CLANG_WARN_STRICT_PROTOTYPES = YES;
				CLANG_WARN_SUSPICIOUS_MOVE = YES;
				CLANG_WARN_UNGUARDED_AVAILABILITY = YES_AGGRESSIVE;
				CLANG_WARN_UNREACHABLE_CODE = YES;
				CLANG_WARN__DUPLICATE_METHOD_MATCH = YES;
				COPY_PHASE_STRIP = NO;
				DEBUG_INFORMATION_FORMAT = "dwarf-with-dsym";
				ENABLE_NS_ASSERTIONS = NO;
				ENABLE_STRICT_OBJC_MSGSEND = YES;
				GCC_C_LANGUAGE_STANDARD = gnu11;
				GCC_NO_COMMON_BLOCKS = YES;
				GCC_WARN_64_TO_32_BIT_CONVERSION = YES;
				GCC_WARN_ABOUT_RETURN_TYPE = YES_ERROR;
				GCC_WARN_UNDECLARED_SELECTOR = YES;
				GCC_WARN_UNINITIALIZED_AUTOS = YES_AGGRESSIVE;
				GCC_WARN_UNUSED_FUNCTION = YES;
				GCC_WARN_UNUSED_VARIABLE = YES;
				IPHONEOS_DEPLOYMENT_TARGET = 16.2;
				MTL_ENABLE_DEBUG_INFO = NO;
				MTL_FAST_MATH = YES;
				SDKROOT = iphoneos;
				SWIFT_COMPILATION_MODE = wholemodule;
				SWIFT_OPTIMIZATION_LEVEL = "-O";
				VALIDATE_PRODUCT = YES;
			};
			name = Release;
		};
		6A7D08DD29AC705B00DE7435 /* Debug */ = {
			isa = XCBuildConfiguration;
			buildSettings = {
				ASSETCATALOG_COMPILER_APPICON_NAME = AppIcon;
				ASSETCATALOG_COMPILER_GLOBAL_ACCENT_COLOR_NAME = AccentColor;
				CODE_SIGN_STYLE = Automatic;
				CURRENT_PROJECT_VERSION = 1;
				GENERATE_INFOPLIST_FILE = YES;
				INFOPLIST_FILE = PassingDataBetweenVCs/Info.plist;
				INFOPLIST_KEY_UIApplicationSupportsIndirectInputEvents = YES;
				INFOPLIST_KEY_UILaunchStoryboardName = LaunchScreen;
				INFOPLIST_KEY_UIMainStoryboardFile = Main;
				INFOPLIST_KEY_UISupportedInterfaceOrientations_iPad = "UIInterfaceOrientationPortrait UIInterfaceOrientationPortraitUpsideDown UIInterfaceOrientationLandscapeLeft UIInterfaceOrientationLandscapeRight";
				INFOPLIST_KEY_UISupportedInterfaceOrientations_iPhone = "UIInterfaceOrientationPortrait UIInterfaceOrientationLandscapeLeft UIInterfaceOrientationLandscapeRight";
				LD_RUNPATH_SEARCH_PATHS = (
					"$(inherited)",
					"@executable_path/Frameworks",
				);
				MARKETING_VERSION = 1.0;
				PRODUCT_BUNDLE_IDENTIFIER = com.example.app.PassingDataBetweenVCs;
				PRODUCT_NAME = "$(TARGET_NAME)";
				SWIFT_EMIT_LOC_STRINGS = YES;
				SWIFT_VERSION = 5.0;
				TARGETED_DEVICE_FAMILY = "1,2";
			};
			name = Debug;
		};
		6A7D08DE29AC705B00DE7435 /* Release */ = {
			isa = XCBuildConfiguration;
			buildSettings = {
				ASSETCATALOG_COMPILER_APPICON_NAME = AppIcon;
				ASSETCATALOG_COMPILER_GLOBAL_ACCENT_COLOR_NAME = AccentColor;
				CODE_SIGN_STYLE = Automatic;
				CURRENT_PROJECT_VERSION = 1;
				GENERATE_INFOPLIST_FILE = YES;
				INFOPLIST_FILE = PassingDataBetweenVCs/Info.plist;
				INFOPLIST_KEY_UIApplicationSupportsIndirectInputEvents = YES;
				INFOPLIST_KEY_UILaunchStoryboardName = LaunchScreen;
				INFOPLIST_KEY_UIMainStoryboardFile = Main;
				INFOPLIST_KEY_UISupportedInterfaceOrientations_iPad = "UIInterfaceOrientationPortrait UIInterfaceOrientationPortraitUpsideDown UIInterfaceOrientationLandscapeLeft UIInterfaceOrientationLandscapeRight";
				INFOPLIST_KEY_UISupportedInterfaceOrientations_iPhone = "UIInterfaceOrientationPortrait UIInterfaceOrientationLandscapeLeft UIInterfaceOrientationLandscapeRight";
				LD_RUNPATH_SEARCH_PATHS = (
					"$(inherited)",
					"@executable_path/Frameworks",
				);
				MARKETING_VERSION = 1.0;
				PRODUCT_BUNDLE_IDENTIFIER = com.example.app.PassingDataBetweenVCs;
				PRODUCT_NAME = "$(TARGET_NAME)";
				SWIFT_EMIT_LOC_STRINGS = YES;
				SWIFT_VERSION = 5.0;
				TARGETED_DEVICE_FAMILY = "1,2";
			};
			name = Release;
		};
		6A7D08E029AC705B00DE7435 /* Debug */ = {
			isa = XCBuildConfiguration;
			buildSettings = {
				ALWAYS_EMBED_SWIFT_STANDARD_LIBRARIES = YES;
				BUNDLE_LOADER = "$(TEST_HOST)";
				CODE_SIGN_STYLE = Automatic;
				CURRENT_PROJECT_VERSION = 1;
				GENERATE_INFOPLIST_FILE = YES;
				IPHONEOS_DEPLOYMENT_TARGET = 16.2;
				MARKETING_VERSION = 1.0;
				PRODUCT_BUNDLE_IDENTIFIER = com.example.app.PassingDataBetweenVCsTests;
				PRODUCT_NAME = "$(TARGET_NAME)";
				SWIFT_EMIT_LOC_STRINGS = NO;
				SWIFT_VERSION = 5.0;
				TARGETED_DEVICE_FAMILY = "1,2";
				TEST_HOST = "$(BUILT_PRODUCTS_DIR)/PassingDataBetweenVCs.app/$(BUNDLE_EXECUTABLE_FOLDER_PATH)/PassingDataBetweenVCs";
			};
			name = Debug;
		};
		6A7D08E129AC705B00DE7435 /* Release */ = {
			isa = XCBuildConfiguration;
			buildSettings = {
				ALWAYS_EMBED_SWIFT_STANDARD_LIBRARIES = YES;
				BUNDLE_LOADER = "$(TEST_HOST)";
				CODE_SIGN_STYLE = Automatic;
				CURRENT_PROJECT_VERSION = 1;
				GENERATE_INFOPLIST_FILE = YES;
				IPHONEOS_DEPLOYMENT_TARGET = 16.2;
				MARKETING_VERSION = 1.0;
				PRODUCT_BUNDLE_IDENTIFIER = com.example.app.PassingDataBetweenVCsTests;
				PRODUCT_NAME = "$(TARGET_NAME)";
				SWIFT_EMIT_LOC_STRINGS = NO;
				SWIFT_VERSION = 5.0;
				TARGETED_DEVICE_FAMILY = "1,2";
				TEST_HOST = "$(BUILT_PRODUCTS_DIR)/PassingDataBetweenVCs.app/$(BUNDLE_EXECUTABLE_FOLDER_PATH)/PassingDataBetweenVCs";
			};
			name = Release;
		};
		6A7D08E329AC705B00DE7435 /* Debug */ = {
			isa = XCBuildConfiguration;
			buildSettings = {
				ALWAYS_EMBED_SWIFT_STANDARD_LIBRARIES = YES;
				CODE_SIGN_STYLE = Automatic;
				CURRENT_PROJECT_VERSION = 1;
				GENERATE_INFOPLIST_FILE = YES;
				MARKETING_VERSION = 1.0;
				PRODUCT_BUNDLE_IDENTIFIER = com.example.app.PassingDataBetweenVCsUITests;
				PRODUCT_NAME = "$(TARGET_NAME)";
				SWIFT_EMIT_LOC_STRINGS = NO;
				SWIFT_VERSION = 5.0;
				TARGETED_DEVICE_FAMILY = "1,2";
				TEST_TARGET_NAME = PassingDataBetweenVCs;
			};
			name = Debug;
		};
		6A7D08E429AC705B00DE7435 /* Release */ = {
			isa = XCBuildConfiguration;
			buildSettings = {
				ALWAYS_EMBED_SWIFT_STANDARD_LIBRARIES = YES;
				CODE_SIGN_STYLE = Automatic;
				CURRENT_PROJECT_VERSION = 1;
				GENERATE_INFOPLIST_FILE = YES;
				MARKETING_VERSION = 1.0;
				PRODUCT_BUNDLE_IDENTIFIER = com.example.app.PassingDataBetweenVCsUITests;
				PRODUCT_NAME = "$(TARGET_NAME)";
				SWIFT_EMIT_LOC_STRINGS = NO;
				SWIFT_VERSION = 5.0;
				TARGETED_DEVICE_FAMILY = "1,2";
				TEST_TARGET_NAME = PassingDataBetweenVCs;
			};
			name = Release;
		};
/* End XCBuildConfiguration section */

/* Begin XCConfigurationList section */
		6A7D08AD29AC705A00DE7435 /* Build configuration list for PBXProject "PassingDataBetweenVCs" */ = {
			isa = XCConfigurationList;
			buildConfigurations = (
				6A7D08DA29AC705B00DE7435 /* Debug */,
				6A7D08DB29AC705B00DE7435 /* Release */,
			);
			defaultConfigurationIsVisible = 0;
			defaultConfigurationName = Release;
		};
		6A7D08DC29AC705B00DE7435 /* Build configuration list for PBXNativeTarget "PassingDataBetweenVCs" */ = {
			isa = XCConfigurationList;
			buildConfigurations = (
				6A7D08DD29AC705B00DE7435 /* Debug */,
				6A7D08DE29AC705B00DE7435 /* Release */,
			);
			defaultConfigurationIsVisible = 0;
			defaultConfigurationName = Release;
		};
		6A7D08DF29AC705B00DE7435 /* Build configuration list for PBXNativeTarget "PassingDataBetweenVCsTests" */ = {
			isa = XCConfigurationList;
			buildConfigurations = (
				6A7D08E029AC705B00DE7435 /* Debug */,
				6A7D08E129AC705B00DE7435 /* Release */,
			);
			defaultConfigurationIsVisible = 0;
			defaultConfigurationName = Release;
		};
		6A7D08E229AC705B00DE7435 /* Build configuration list for PBXNativeTarget "PassingDataBetweenVCsUITests" */ = {
			isa = XCConfigurationList;
			buildConfigurations = (
				6A7D08E329AC705B00DE7435 /* Debug */,
				6A7D08E429AC705B00DE7435 /* Release */,
			);
			defaultConfigurationIsVisible = 0;
			defaultConfigurationName = Release;
		};
/* End XCConfigurationList section */
	};
	rootObject = 6A7D08AA29AC705A00DE7435 /* Project object */;
}
