// !$*UTF8*$!
{
	archiveVersion = 1;
	classes = {
	};
	objectVersion = 56;
	objects = {

/* Begin PBXBuildFile section */
		6AD7D82529A37113003DD083 /* AppDelegate.swift in Sources */ = {isa = PBXBuildFile; fileRef = 6AD7D82429A37113003DD083 /* AppDelegate.swift */; };
		6AD7D82729A37113003DD083 /* SceneDelegate.swift in Sources */ = {isa = PBXBuildFile; fileRef = 6AD7D82629A37113003DD083 /* SceneDelegate.swift */; };
		6AD7D82929A37113003DD083 /* ViewController.swift in Sources */ = {isa = PBXBuildFile; fileRef = 6AD7D82829A37113003DD083 /* ViewController.swift */; };
		6AD7D82C29A37113003DD083 /* Main.storyboard in Resources */ = {isa = PBXBuildFile; fileRef = 6AD7D82A29A37113003DD083 /* Main.storyboard */; };
		6AD7D82E29A37114003DD083 /* Assets.xcassets in Resources */ = {isa = PBXBuildFile; fileRef = 6AD7D82D29A37114003DD083 /* Assets.xcassets */; };
		6AD7D83129A37114003DD083 /* LaunchScreen.storyboard in Resources */ = {isa = PBXBuildFile; fileRef = 6AD7D82F29A37114003DD083 /* LaunchScreen.storyboard */; };
		6AD7D83C29A37114003DD083 /* NamesToFacesTests.swift in Sources */ = {isa = PBXBuildFile; fileRef = 6AD7D83B29A37114003DD083 /* NamesToFacesTests.swift */; };
		6AD7D84629A37114003DD083 /* NamesToFacesUITests.swift in Sources */ = {isa = PBXBuildFile; fileRef = 6AD7D84529A37114003DD083 /* NamesToFacesUITests.swift */; };
		6AD7D84829A37114003DD083 /* NamesToFacesUITestsLaunchTests.swift in Sources */ = {isa = PBXBuildFile; fileRef = 6AD7D84729A37114003DD083 /* NamesToFacesUITestsLaunchTests.swift */; };
		6AD7D85729A37C69003DD083 /* PersonCell.swift in Sources */ = {isa = PBXBuildFile; fileRef = 6AD7D85629A37C68003DD083 /* PersonCell.swift */; };
		6AD7D85929A380A4003DD083 /* Person.swift in Sources */ = {isa = PBXBuildFile; fileRef = 6AD7D85829A380A4003DD083 /* Person.swift */; };
/* End PBXBuildFile section */

/* Begin PBXContainerItemProxy section */
		6AD7D83829A37114003DD083 /* PBXContainerItemProxy */ = {
			isa = PBXContainerItemProxy;
			containerPortal = 6AD7D81929A37113003DD083 /* Project object */;
			proxyType = 1;
			remoteGlobalIDString = 6AD7D82029A37113003DD083;
			remoteInfo = NamesToFaces;
		};
		6AD7D84229A37114003DD083 /* PBXContainerItemProxy */ = {
			isa = PBXContainerItemProxy;
			containerPortal = 6AD7D81929A37113003DD083 /* Project object */;
			proxyType = 1;
			remoteGlobalIDString = 6AD7D82029A37113003DD083;
			remoteInfo = NamesToFaces;
		};
/* End PBXContainerItemProxy section */

/* Begin PBXFileReference section */
		6AD7D82129A37113003DD083 /* NamesToFaces.app */ = {isa = PBXFileReference; explicitFileType = wrapper.application; includeInIndex = 0; path = NamesToFaces.app; sourceTree = BUILT_PRODUCTS_DIR; };
		6AD7D82429A37113003DD083 /* AppDelegate.swift */ = {isa = PBXFileReference; lastKnownFileType = sourcecode.swift; path = AppDelegate.swift; sourceTree = "<group>"; };
		6AD7D82629A37113003DD083 /* SceneDelegate.swift */ = {isa = PBXFileReference; lastKnownFileType = sourcecode.swift; path = SceneDelegate.swift; sourceTree = "<group>"; };
		6AD7D82829A37113003DD083 /* ViewController.swift */ = {isa = PBXFileReference; lastKnownFileType = sourcecode.swift; path = ViewController.swift; sourceTree = "<group>"; };
		6AD7D82B29A37113003DD083 /* Base */ = {isa = PBXFileReference; lastKnownFileType = file.storyboard; name = Base; path = Base.lproj/Main.storyboard; sourceTree = "<group>"; };
		6AD7D82D29A37114003DD083 /* Assets.xcassets */ = {isa = PBXFileReference; lastKnownFileType = folder.assetcatalog; path = Assets.xcassets; sourceTree = "<group>"; };
		6AD7D83029A37114003DD083 /* Base */ = {isa = PBXFileReference; lastKnownFileType = file.storyboard; name = Base; path = Base.lproj/LaunchScreen.storyboard; sourceTree = "<group>"; };
		6AD7D83229A37114003DD083 /* Info.plist */ = {isa = PBXFileReference; lastKnownFileType = text.plist.xml; path = Info.plist; sourceTree = "<group>"; };
		6AD7D83729A37114003DD083 /* NamesToFacesTests.xctest */ = {isa = PBXFileReference; explicitFileType = wrapper.cfbundle; includeInIndex = 0; path = NamesToFacesTests.xctest; sourceTree = BUILT_PRODUCTS_DIR; };
		6AD7D83B29A37114003DD083 /* NamesToFacesTests.swift */ = {isa = PBXFileReference; lastKnownFileType = sourcecode.swift; path = NamesToFacesTests.swift; sourceTree = "<group>"; };
		6AD7D84129A37114003DD083 /* NamesToFacesUITests.xctest */ = {isa = PBXFileReference; explicitFileType = wrapper.cfbundle; includeInIndex = 0; path = NamesToFacesUITests.xctest; sourceTree = BUILT_PRODUCTS_DIR; };
		6AD7D84529A37114003DD083 /* NamesToFacesUITests.swift */ = {isa = PBXFileReference; lastKnownFileType = sourcecode.swift; path = NamesToFacesUITests.swift; sourceTree = "<group>"; };
		6AD7D84729A37114003DD083 /* NamesToFacesUITestsLaunchTests.swift */ = {isa = PBXFileReference; lastKnownFileType = sourcecode.swift; path = NamesToFacesUITestsLaunchTests.swift; sourceTree = "<group>"; };
		6AD7D85629A37C68003DD083 /* PersonCell.swift */ = {isa = PBXFileReference; lastKnownFileType = sourcecode.swift; path = PersonCell.swift; sourceTree = "<group>"; };
		6AD7D85829A380A4003DD083 /* Person.swift */ = {isa = PBXFileReference; lastKnownFileType = sourcecode.swift; path = Person.swift; sourceTree = "<group>"; };
/* End PBXFileReference section */

/* Begin PBXFrameworksBuildPhase section */
		6AD7D81E29A37113003DD083 /* Frameworks */ = {
			isa = PBXFrameworksBuildPhase;
			buildActionMask = 2147483647;
			files = (
			);
			runOnlyForDeploymentPostprocessing = 0;
		};
		6AD7D83429A37114003DD083 /* Frameworks */ = {
			isa = PBXFrameworksBuildPhase;
			buildActionMask = 2147483647;
			files = (
			);
			runOnlyForDeploymentPostprocessing = 0;
		};
		6AD7D83E29A37114003DD083 /* Frameworks */ = {
			isa = PBXFrameworksBuildPhase;
			buildActionMask = 2147483647;
			files = (
			);
			runOnlyForDeploymentPostprocessing = 0;
		};
/* End PBXFrameworksBuildPhase section */

/* Begin PBXGroup section */
		6AD7D81829A37113003DD083 = {
			isa = PBXGroup;
			children = (
				6AD7D82329A37113003DD083 /* NamesToFaces */,
				6AD7D83A29A37114003DD083 /* NamesToFacesTests */,
				6AD7D84429A37114003DD083 /* NamesToFacesUITests */,
				6AD7D82229A37113003DD083 /* Products */,
			);
			sourceTree = "<group>";
		};
		6AD7D82229A37113003DD083 /* Products */ = {
			isa = PBXGroup;
			children = (
				6AD7D82129A37113003DD083 /* NamesToFaces.app */,
				6AD7D83729A37114003DD083 /* NamesToFacesTests.xctest */,
				6AD7D84129A37114003DD083 /* NamesToFacesUITests.xctest */,
			);
			name = Products;
			sourceTree = "<group>";
		};
		6AD7D82329A37113003DD083 /* NamesToFaces */ = {
			isa = PBXGroup;
			children = (
				6AD7D85829A380A4003DD083 /* Person.swift */,
				6AD7D85629A37C68003DD083 /* PersonCell.swift */,
				6AD7D82429A37113003DD083 /* AppDelegate.swift */,
				6AD7D82629A37113003DD083 /* SceneDelegate.swift */,
				6AD7D82829A37113003DD083 /* ViewController.swift */,
				6AD7D82A29A37113003DD083 /* Main.storyboard */,
				6AD7D82D29A37114003DD083 /* Assets.xcassets */,
				6AD7D82F29A37114003DD083 /* LaunchScreen.storyboard */,
				6AD7D83229A37114003DD083 /* Info.plist */,
			);
			path = NamesToFaces;
			sourceTree = "<group>";
		};
		6AD7D83A29A37114003DD083 /* NamesToFacesTests */ = {
			isa = PBXGroup;
			children = (
				6AD7D83B29A37114003DD083 /* NamesToFacesTests.swift */,
			);
			path = NamesToFacesTests;
			sourceTree = "<group>";
		};
		6AD7D84429A37114003DD083 /* NamesToFacesUITests */ = {
			isa = PBXGroup;
			children = (
				6AD7D84529A37114003DD083 /* NamesToFacesUITests.swift */,
				6AD7D84729A37114003DD083 /* NamesToFacesUITestsLaunchTests.swift */,
			);
			path = NamesToFacesUITests;
			sourceTree = "<group>";
		};
/* End PBXGroup section */

/* Begin PBXNativeTarget section */
		6AD7D82029A37113003DD083 /* NamesToFaces */ = {
			isa = PBXNativeTarget;
			buildConfigurationList = 6AD7D84B29A37114003DD083 /* Build configuration list for PBXNativeTarget "NamesToFaces" */;
			buildPhases = (
				6AD7D81D29A37113003DD083 /* Sources */,
				6AD7D81E29A37113003DD083 /* Frameworks */,
				6AD7D81F29A37113003DD083 /* Resources */,
			);
			buildRules = (
			);
			dependencies = (
			);
			name = NamesToFaces;
			productName = NamesToFaces;
			productReference = 6AD7D82129A37113003DD083 /* NamesToFaces.app */;
			productType = "com.apple.product-type.application";
		};
		6AD7D83629A37114003DD083 /* NamesToFacesTests */ = {
			isa = PBXNativeTarget;
			buildConfigurationList = 6AD7D84E29A37114003DD083 /* Build configuration list for PBXNativeTarget "NamesToFacesTests" */;
			buildPhases = (
				6AD7D83329A37114003DD083 /* Sources */,
				6AD7D83429A37114003DD083 /* Frameworks */,
				6AD7D83529A37114003DD083 /* Resources */,
			);
			buildRules = (
			);
			dependencies = (
				6AD7D83929A37114003DD083 /* PBXTargetDependency */,
			);
			name = NamesToFacesTests;
			productName = NamesToFacesTests;
			productReference = 6AD7D83729A37114003DD083 /* NamesToFacesTests.xctest */;
			productType = "com.apple.product-type.bundle.unit-test";
		};
		6AD7D84029A37114003DD083 /* NamesToFacesUITests */ = {
			isa = PBXNativeTarget;
			buildConfigurationList = 6AD7D85129A37114003DD083 /* Build configuration list for PBXNativeTarget "NamesToFacesUITests" */;
			buildPhases = (
				6AD7D83D29A37114003DD083 /* Sources */,
				6AD7D83E29A37114003DD083 /* Frameworks */,
				6AD7D83F29A37114003DD083 /* Resources */,
			);
			buildRules = (
			);
			dependencies = (
				6AD7D84329A37114003DD083 /* PBXTargetDependency */,
			);
			name = NamesToFacesUITests;
			productName = NamesToFacesUITests;
			productReference = 6AD7D84129A37114003DD083 /* NamesToFacesUITests.xctest */;
			productType = "com.apple.product-type.bundle.ui-testing";
		};
/* End PBXNativeTarget section */

/* Begin PBXProject section */
		6AD7D81929A37113003DD083 /* Project object */ = {
			isa = PBXProject;
			attributes = {
				BuildIndependentTargetsInParallel = 1;
				LastSwiftUpdateCheck = 1420;
				LastUpgradeCheck = 1420;
				TargetAttributes = {
					6AD7D82029A37113003DD083 = {
						CreatedOnToolsVersion = 14.2;
					};
					6AD7D83629A37114003DD083 = {
						CreatedOnToolsVersion = 14.2;
						TestTargetID = 6AD7D82029A37113003DD083;
					};
					6AD7D84029A37114003DD083 = {
						CreatedOnToolsVersion = 14.2;
						TestTargetID = 6AD7D82029A37113003DD083;
					};
				};
			};
			buildConfigurationList = 6AD7D81C29A37113003DD083 /* Build configuration list for PBXProject "NamesToFaces" */;
			compatibilityVersion = "Xcode 14.0";
			developmentRegion = en;
			hasScannedForEncodings = 0;
			knownRegions = (
				en,
				Base,
			);
			mainGroup = 6AD7D81829A37113003DD083;
			productRefGroup = 6AD7D82229A37113003DD083 /* Products */;
			projectDirPath = "";
			projectRoot = "";
			targets = (
				6AD7D82029A37113003DD083 /* NamesToFaces */,
				6AD7D83629A37114003DD083 /* NamesToFacesTests */,
				6AD7D84029A37114003DD083 /* NamesToFacesUITests */,
			);
		};
/* End PBXProject section */

/* Begin PBXResourcesBuildPhase section */
		6AD7D81F29A37113003DD083 /* Resources */ = {
			isa = PBXResourcesBuildPhase;
			buildActionMask = 2147483647;
			files = (
				6AD7D83129A37114003DD083 /* LaunchScreen.storyboard in Resources */,
				6AD7D82E29A37114003DD083 /* Assets.xcassets in Resources */,
				6AD7D82C29A37113003DD083 /* Main.storyboard in Resources */,
			);
			runOnlyForDeploymentPostprocessing = 0;
		};
		6AD7D83529A37114003DD083 /* Resources */ = {
			isa = PBXResourcesBuildPhase;
			buildActionMask = 2147483647;
			files = (
			);
			runOnlyForDeploymentPostprocessing = 0;
		};
		6AD7D83F29A37114003DD083 /* Resources */ = {
			isa = PBXResourcesBuildPhase;
			buildActionMask = 2147483647;
			files = (
			);
			runOnlyForDeploymentPostprocessing = 0;
		};
/* End PBXResourcesBuildPhase section */

/* Begin PBXSourcesBuildPhase section */
		6AD7D81D29A37113003DD083 /* Sources */ = {
			isa = PBXSourcesBuildPhase;
			buildActionMask = 2147483647;
			files = (
				6AD7D85929A380A4003DD083 /* Person.swift in Sources */,
				6AD7D82929A37113003DD083 /* ViewController.swift in Sources */,
				6AD7D82529A37113003DD083 /* AppDelegate.swift in Sources */,
				6AD7D85729A37C69003DD083 /* PersonCell.swift in Sources */,
				6AD7D82729A37113003DD083 /* SceneDelegate.swift in Sources */,
			);
			runOnlyForDeploymentPostprocessing = 0;
		};
		6AD7D83329A37114003DD083 /* Sources */ = {
			isa = PBXSourcesBuildPhase;
			buildActionMask = 2147483647;
			files = (
				6AD7D83C29A37114003DD083 /* NamesToFacesTests.swift in Sources */,
			);
			runOnlyForDeploymentPostprocessing = 0;
		};
		6AD7D83D29A37114003DD083 /* Sources */ = {
			isa = PBXSourcesBuildPhase;
			buildActionMask = 2147483647;
			files = (
				6AD7D84629A37114003DD083 /* NamesToFacesUITests.swift in Sources */,
				6AD7D84829A37114003DD083 /* NamesToFacesUITestsLaunchTests.swift in Sources */,
			);
			runOnlyForDeploymentPostprocessing = 0;
		};
/* End PBXSourcesBuildPhase section */

/* Begin PBXTargetDependency section */
		6AD7D83929A37114003DD083 /* PBXTargetDependency */ = {
			isa = PBXTargetDependency;
			target = 6AD7D82029A37113003DD083 /* NamesToFaces */;
			targetProxy = 6AD7D83829A37114003DD083 /* PBXContainerItemProxy */;
		};
		6AD7D84329A37114003DD083 /* PBXTargetDependency */ = {
			isa = PBXTargetDependency;
			target = 6AD7D82029A37113003DD083 /* NamesToFaces */;
			targetProxy = 6AD7D84229A37114003DD083 /* PBXContainerItemProxy */;
		};
/* End PBXTargetDependency section */

/* Begin PBXVariantGroup section */
		6AD7D82A29A37113003DD083 /* Main.storyboard */ = {
			isa = PBXVariantGroup;
			children = (
				6AD7D82B29A37113003DD083 /* Base */,
			);
			name = Main.storyboard;
			sourceTree = "<group>";
		};
		6AD7D82F29A37114003DD083 /* LaunchScreen.storyboard */ = {
			isa = PBXVariantGroup;
			children = (
				6AD7D83029A37114003DD083 /* Base */,
			);
			name = LaunchScreen.storyboard;
			sourceTree = "<group>";
		};
/* End PBXVariantGroup section */

/* Begin XCBuildConfiguration section */
		6AD7D84929A37114003DD083 /* Debug */ = {
			isa = XCBuildConfiguration;
			buildSettings = {
				ALWAYS_SEARCH_USER_PATHS = NO;
				CLANG_ANALYZER_NONNULL = YES;
				CLANG_ANALYZER_NUMBER_OBJECT_CONVERSION = YES_AGGRESSIVE;
				CLANG_CXX_LANGUAGE_STANDARD = "gnu++20";
				CLANG_ENABLE_MODULES = YES;
				CLANG_ENABLE_OBJC_ARC = YES;
				CLANG_ENABLE_OBJC_WEAK = YES;
				CLANG_WARN_BLOCK_CAPTURE_AUTORELEASING = YES;
				CLANG_WARN_BOOL_CONVERSION = YES;
				CLANG_WARN_COMMA = YES;
				CLANG_WARN_CONSTANT_CONVERSION = YES;
				CLANG_WARN_DEPRECATED_OBJC_IMPLEMENTATIONS = YES;
				CLANG_WARN_DIRECT_OBJC_ISA_USAGE = YES_ERROR;
				CLANG_WARN_DOCUMENTATION_COMMENTS = YES;
				CLANG_WARN_EMPTY_BODY = YES;
				CLANG_WARN_ENUM_CONVERSION = YES;
				CLANG_WARN_INFINITE_RECURSION = YES;
				CLANG_WARN_INT_CONVERSION = YES;
				CLANG_WARN_NON_LITERAL_NULL_CONVERSION = YES;
				CLANG_WARN_OBJC_IMPLICIT_RETAIN_SELF = YES;
				CLANG_WARN_OBJC_LITERAL_CONVERSION = YES;
				CLANG_WARN_OBJC_ROOT_CLASS = YES_ERROR;
				CLANG_WARN_QUOTED_INCLUDE_IN_FRAMEWORK_HEADER = YES;
				CLANG_WARN_RANGE_LOOP_ANALYSIS = YES;
				CLANG_WARN_STRICT_PROTOTYPES = YES;
				CLANG_WARN_SUSPICIOUS_MOVE = YES;
				CLANG_WARN_UNGUARDED_AVAILABILITY = YES_AGGRESSIVE;
				CLANG_WARN_UNREACHABLE_CODE = YES;
				CLANG_WARN__DUPLICATE_METHOD_MATCH = YES;
				COPY_PHASE_STRIP = NO;
				DEBUG_INFORMATION_FORMAT = dwarf;
				ENABLE_STRICT_OBJC_MSGSEND = YES;
				ENABLE_TESTABILITY = YES;
				GCC_C_LANGUAGE_STANDARD = gnu11;
				GCC_DYNAMIC_NO_PIC = NO;
				GCC_NO_COMMON_BLOCKS = YES;
				GCC_OPTIMIZATION_LEVEL = 0;
				GCC_PREPROCESSOR_DEFINITIONS = (
					"DEBUG=1",
					"$(inherited)",
				);
				GCC_WARN_64_TO_32_BIT_CONVERSION = YES;
				GCC_WARN_ABOUT_RETURN_TYPE = YES_ERROR;
				GCC_WARN_UNDECLARED_SELECTOR = YES;
				GCC_WARN_UNINITIALIZED_AUTOS = YES_AGGRESSIVE;
				GCC_WARN_UNUSED_FUNCTION = YES;
				GCC_WARN_UNUSED_VARIABLE = YES;
				IPHONEOS_DEPLOYMENT_TARGET = 16.2;
				MTL_ENABLE_DEBUG_INFO = INCLUDE_SOURCE;
				MTL_FAST_MATH = YES;
				ONLY_ACTIVE_ARCH = YES;
				SDKROOT = iphoneos;
				SWIFT_ACTIVE_COMPILATION_CONDITIONS = DEBUG;
				SWIFT_OPTIMIZATION_LEVEL = "-Onone";
			};
			name = Debug;
		};
		6AD7D84A29A37114003DD083 /* Release */ = {
			isa = XCBuildConfiguration;
			buildSettings = {
				ALWAYS_SEARCH_USER_PATHS = NO;
				CLANG_ANALYZER_NONNULL = YES;
				CLANG_ANALYZER_NUMBER_OBJECT_CONVERSION = YES_AGGRESSIVE;
				CLANG_CXX_LANGUAGE_STANDARD = "gnu++20";
				CLANG_ENABLE_MODULES = YES;
				CLANG_ENABLE_OBJC_ARC = YES;
				CLANG_ENABLE_OBJC_WEAK = YES;
				CLANG_WARN_BLOCK_CAPTURE_AUTORELEASING = YES;
				CLANG_WARN_BOOL_CONVERSION = YES;
				CLANG_WARN_COMMA = YES;
				CLANG_WARN_CONSTANT_CONVERSION = YES;
				CLANG_WARN_DEPRECATED_OBJC_IMPLEMENTATIONS = YES;
				CLANG_WARN_DIRECT_OBJC_ISA_USAGE = YES_ERROR;
				CLANG_WARN_DOCUMENTATION_COMMENTS = YES;
				CLANG_WARN_EMPTY_BODY = YES;
				CLANG_WARN_ENUM_CONVERSION = YES;
				CLANG_WARN_INFINITE_RECURSION = YES;
				CLANG_WARN_INT_CONVERSION = YES;
				CLANG_WARN_NON_LITERAL_NULL_CONVERSION = YES;
				CLANG_WARN_OBJC_IMPLICIT_RETAIN_SELF = YES;
				CLANG_WARN_OBJC_LITERAL_CONVERSION = YES;
				CLANG_WARN_OBJC_ROOT_CLASS = YES_ERROR;
				CLANG_WARN_QUOTED_INCLUDE_IN_FRAMEWORK_HEADER = YES;
				CLANG_WARN_RANGE_LOOP_ANALYSIS = YES;
				CLANG_WARN_STRICT_PROTOTYPES = YES;
				CLANG_WARN_SUSPICIOUS_MOVE = YES;
				CLANG_WARN_UNGUARDED_AVAILABILITY = YES_AGGRESSIVE;
				CLANG_WARN_UNREACHABLE_CODE = YES;
				CLANG_WARN__DUPLICATE_METHOD_MATCH = YES;
				COPY_PHASE_STRIP = NO;
				DEBUG_INFORMATION_FORMAT = "dwarf-with-dsym";
				ENABLE_NS_ASSERTIONS = NO;
				ENABLE_STRICT_OBJC_MSGSEND = YES;
				GCC_C_LANGUAGE_STANDARD = gnu11;
				GCC_NO_COMMON_BLOCKS = YES;
				GCC_WARN_64_TO_32_BIT_CONVERSION = YES;
				GCC_WARN_ABOUT_RETURN_TYPE = YES_ERROR;
				GCC_WARN_UNDECLARED_SELECTOR = YES;
				GCC_WARN_UNINITIALIZED_AUTOS = YES_AGGRESSIVE;
				GCC_WARN_UNUSED_FUNCTION = YES;
				GCC_WARN_UNUSED_VARIABLE = YES;
				IPHONEOS_DEPLOYMENT_TARGET = 16.2;
				MTL_ENABLE_DEBUG_INFO = NO;
				MTL_FAST_MATH = YES;
				SDKROOT = iphoneos;
				SWIFT_COMPILATION_MODE = wholemodule;
				SWIFT_OPTIMIZATION_LEVEL = "-O";
				VALIDATE_PRODUCT = YES;
			};
			name = Release;
		};
		6AD7D84C29A37114003DD083 /* Debug */ = {
			isa = XCBuildConfiguration;
			buildSettings = {
				ASSETCATALOG_COMPILER_APPICON_NAME = AppIcon;
				ASSETCATALOG_COMPILER_GLOBAL_ACCENT_COLOR_NAME = AccentColor;
				CODE_SIGN_STYLE = Automatic;
				CURRENT_PROJECT_VERSION = 1;
				GENERATE_INFOPLIST_FILE = YES;
				INFOPLIST_FILE = NamesToFaces/Info.plist;
				INFOPLIST_KEY_UIApplicationSupportsIndirectInputEvents = YES;
				INFOPLIST_KEY_UILaunchStoryboardName = LaunchScreen;
				INFOPLIST_KEY_UIMainStoryboardFile = Main;
				INFOPLIST_KEY_UISupportedInterfaceOrientations_iPad = "UIInterfaceOrientationPortrait UIInterfaceOrientationPortraitUpsideDown UIInterfaceOrientationLandscapeLeft UIInterfaceOrientationLandscapeRight";
				INFOPLIST_KEY_UISupportedInterfaceOrientations_iPhone = "UIInterfaceOrientationPortrait UIInterfaceOrientationLandscapeLeft UIInterfaceOrientationLandscapeRight";
				LD_RUNPATH_SEARCH_PATHS = (
					"$(inherited)",
					"@executable_path/Frameworks",
				);
				MARKETING_VERSION = 1.0;
				PRODUCT_BUNDLE_IDENTIFIER = com.example.app.NamesToFaces;
				PRODUCT_NAME = "$(TARGET_NAME)";
				SWIFT_EMIT_LOC_STRINGS = YES;
				SWIFT_VERSION = 5.0;
				TARGETED_DEVICE_FAMILY = "1,2";
			};
			name = Debug;
		};
		6AD7D84D29A37114003DD083 /* Release */ = {
			isa = XCBuildConfiguration;
			buildSettings = {
				ASSETCATALOG_COMPILER_APPICON_NAME = AppIcon;
				ASSETCATALOG_COMPILER_GLOBAL_ACCENT_COLOR_NAME = AccentColor;
				CODE_SIGN_STYLE = Automatic;
				CURRENT_PROJECT_VERSION = 1;
				GENERATE_INFOPLIST_FILE = YES;
				INFOPLIST_FILE = NamesToFaces/Info.plist;
				INFOPLIST_KEY_UIApplicationSupportsIndirectInputEvents = YES;
				INFOPLIST_KEY_UILaunchStoryboardName = LaunchScreen;
				INFOPLIST_KEY_UIMainStoryboardFile = Main;
				INFOPLIST_KEY_UISupportedInterfaceOrientations_iPad = "UIInterfaceOrientationPortrait UIInterfaceOrientationPortraitUpsideDown UIInterfaceOrientationLandscapeLeft UIInterfaceOrientationLandscapeRight";
				INFOPLIST_KEY_UISupportedInterfaceOrientations_iPhone = "UIInterfaceOrientationPortrait UIInterfaceOrientationLandscapeLeft UIInterfaceOrientationLandscapeRight";
				LD_RUNPATH_SEARCH_PATHS = (
					"$(inherited)",
					"@executable_path/Frameworks",
				);
				MARKETING_VERSION = 1.0;
				PRODUCT_BUNDLE_IDENTIFIER = com.example.app.NamesToFaces;
				PRODUCT_NAME = "$(TARGET_NAME)";
				SWIFT_EMIT_LOC_STRINGS = YES;
				SWIFT_VERSION = 5.0;
				TARGETED_DEVICE_FAMILY = "1,2";
			};
			name = Release;
		};
		6AD7D84F29A37114003DD083 /* Debug */ = {
			isa = XCBuildConfiguration;
			buildSettings = {
				ALWAYS_EMBED_SWIFT_STANDARD_LIBRARIES = YES;
				BUNDLE_LOADER = "$(TEST_HOST)";
				CODE_SIGN_STYLE = Automatic;
				CURRENT_PROJECT_VERSION = 1;
				GENERATE_INFOPLIST_FILE = YES;
				IPHONEOS_DEPLOYMENT_TARGET = 16.2;
				MARKETING_VERSION = 1.0;
				PRODUCT_BUNDLE_IDENTIFIER = com.example.app.NamesToFacesTests;
				PRODUCT_NAME = "$(TARGET_NAME)";
				SWIFT_EMIT_LOC_STRINGS = NO;
				SWIFT_VERSION = 5.0;
				TARGETED_DEVICE_FAMILY = "1,2";
				TEST_HOST = "$(BUILT_PRODUCTS_DIR)/NamesToFaces.app/$(BUNDLE_EXECUTABLE_FOLDER_PATH)/NamesToFaces";
			};
			name = Debug;
		};
		6AD7D85029A37114003DD083 /* Release */ = {
			isa = XCBuildConfiguration;
			buildSettings = {
				ALWAYS_EMBED_SWIFT_STANDARD_LIBRARIES = YES;
				BUNDLE_LOADER = "$(TEST_HOST)";
				CODE_SIGN_STYLE = Automatic;
				CURRENT_PROJECT_VERSION = 1;
				GENERATE_INFOPLIST_FILE = YES;
				IPHONEOS_DEPLOYMENT_TARGET = 16.2;
				MARKETING_VERSION = 1.0;
				PRODUCT_BUNDLE_IDENTIFIER = com.example.app.NamesToFacesTests;
				PRODUCT_NAME = "$(TARGET_NAME)";
				SWIFT_EMIT_LOC_STRINGS = NO;
				SWIFT_VERSION = 5.0;
				TARGETED_DEVICE_FAMILY = "1,2";
				TEST_HOST = "$(BUILT_PRODUCTS_DIR)/NamesToFaces.app/$(BUNDLE_EXECUTABLE_FOLDER_PATH)/NamesToFaces";
			};
			name = Release;
		};
		6AD7D85229A37114003DD083 /* Debug */ = {
			isa = XCBuildConfiguration;
			buildSettings = {
				ALWAYS_EMBED_SWIFT_STANDARD_LIBRARIES = YES;
				CODE_SIGN_STYLE = Automatic;
				CURRENT_PROJECT_VERSION = 1;
				GENERATE_INFOPLIST_FILE = YES;
				MARKETING_VERSION = 1.0;
				PRODUCT_BUNDLE_IDENTIFIER = com.example.app.NamesToFacesUITests;
				PRODUCT_NAME = "$(TARGET_NAME)";
				SWIFT_EMIT_LOC_STRINGS = NO;
				SWIFT_VERSION = 5.0;
				TARGETED_DEVICE_FAMILY = "1,2";
				TEST_TARGET_NAME = NamesToFaces;
			};
			name = Debug;
		};
		6AD7D85329A37114003DD083 /* Release */ = {
			isa = XCBuildConfiguration;
			buildSettings = {
				ALWAYS_EMBED_SWIFT_STANDARD_LIBRARIES = YES;
				CODE_SIGN_STYLE = Automatic;
				CURRENT_PROJECT_VERSION = 1;
				GENERATE_INFOPLIST_FILE = YES;
				MARKETING_VERSION = 1.0;
				PRODUCT_BUNDLE_IDENTIFIER = com.example.app.NamesToFacesUITests;
				PRODUCT_NAME = "$(TARGET_NAME)";
				SWIFT_EMIT_LOC_STRINGS = NO;
				SWIFT_VERSION = 5.0;
				TARGETED_DEVICE_FAMILY = "1,2";
				TEST_TARGET_NAME = NamesToFaces;
			};
			name = Release;
		};
/* End XCBuildConfiguration section */

/* Begin XCConfigurationList section */
		6AD7D81C29A37113003DD083 /* Build configuration list for PBXProject "NamesToFaces" */ = {
			isa = XCConfigurationList;
			buildConfigurations = (
				6AD7D84929A37114003DD083 /* Debug */,
				6AD7D84A29A37114003DD083 /* Release */,
			);
			defaultConfigurationIsVisible = 0;
			defaultConfigurationName = Release;
		};
		6AD7D84B29A37114003DD083 /* Build configuration list for PBXNativeTarget "NamesToFaces" */ = {
			isa = XCConfigurationList;
			buildConfigurations = (
				6AD7D84C29A37114003DD083 /* Debug */,
				6AD7D84D29A37114003DD083 /* Release */,
			);
			defaultConfigurationIsVisible = 0;
			defaultConfigurationName = Release;
		};
		6AD7D84E29A37114003DD083 /* Build configuration list for PBXNativeTarget "NamesToFacesTests" */ = {
			isa = XCConfigurationList;
			buildConfigurations = (
				6AD7D84F29A37114003DD083 /* Debug */,
				6AD7D85029A37114003DD083 /* Release */,
			);
			defaultConfigurationIsVisible = 0;
			defaultConfigurationName = Release;
		};
		6AD7D85129A37114003DD083 /* Build configuration list for PBXNativeTarget "NamesToFacesUITests" */ = {
			isa = XCConfigurationList;
			buildConfigurations = (
				6AD7D85229A37114003DD083 /* Debug */,
				6AD7D85329A37114003DD083 /* Release */,
			);
			defaultConfigurationIsVisible = 0;
			defaultConfigurationName = Release;
		};
/* End XCConfigurationList section */
	};
	rootObject = 6AD7D81929A37113003DD083 /* Project object */;
}
